Microsoft Visual Studio Solution File, Format Version 12.00
# Visual Studio Version 17
VisualStudioVersion = 17.5.2.0
MinimumVisualStudioVersion = 10.0.40219.1
Project("{FAE04EC0-301F-11D3-BF4B-00C04F79EFBC}") = "VirusDetectionApp", "VirusDetectionApp.csproj", "{B6F44BDD-912A-1002-A28F-95F2F5D4358C}"
EndProject
Global
	GlobalSection(SolutionConfigurationPlatforms) = preSolution
		Debug|Any CPU = Debug|Any CPU
		Release|Any CPU = Release|Any CPU
	EndGlobalSection
	GlobalSection(ProjectConfigurationPlatforms) = postSolution
		{B6F44BDD-912A-1002-A28F-95F2F5D4358C}.Debug|Any CPU.ActiveCfg = Debug|Any CPU
		{B6F44BDD-912A-1002-A28F-95F2F5D4358C}.Debug|Any CPU.Build.0 = Debug|Any CPU
		{B6F44BDD-912A-1002-A28F-95F2F5D4358C}.Release|Any CPU.ActiveCfg = Release|Any CPU
		{B6F44BDD-912A-1002-A28F-95F2F5D4358C}.Release|Any CPU.Build.0 = Release|Any CPU
	EndGlobalSection
	GlobalSection(SolutionProperties) = preSolution
		HideSolutionNode = FALSE
	EndGlobalSection
	GlobalSection(ExtensibilityGlobals) = postSolution
		SolutionGuid = {F0A7727F-B8A4-43FC-AA7B-572CD457BCEA}
	EndGlobalSection
EndGlobal
